
Microsoft Visual Studio Solution File, Format Version 12.00
# Visual Studio Version 17
VisualStudioVersion = 17.14.36518.9 d17.14
MinimumVisualStudioVersion = 10.0.40219.1
Project("{FAE04EC0-301F-11D3-BF4B-00C04F79EFBC}") = "backend", "backend\backend.csproj", "{538D65B7-7A17-4C4C-9EAB-407DD0721733}"
EndProject
Global
	GlobalSection(SolutionConfigurationPlatforms) = preSolution
		Debug|Any CPU = Debug|Any CPU
		Release|Any CPU = Release|Any CPU
	EndGlobalSection
	GlobalSection(ProjectConfigurationPlatforms) = postSolution
		{538D65B7-7A17-4C4C-9EAB-407DD0721733}.Debug|Any CPU.ActiveCfg = Debug|Any CPU
		{538D65B7-7A17-4C4C-9EAB-407DD0721733}.Debug|Any CPU.Build.0 = Debug|Any CPU
		{538D65B7-7A17-4C4C-9EAB-407DD0721733}.Release|Any CPU.ActiveCfg = Release|Any CPU
		{538D65B7-7A17-4C4C-9EAB-407DD0721733}.Release|Any CPU.Build.0 = Release|Any CPU
	EndGlobalSection
	GlobalSection(SolutionProperties) = preSolution
		HideSolutionNode = FALSE
	EndGlobalSection
	GlobalSection(ExtensibilityGlobals) = postSolution
		SolutionGuid = {1231ABA3-5AC3-4F2D-9E98-91D343945692}
	EndGlobalSection
EndGlobal
